<?xml version="1.0" encoding="utf-8"?>
<Project ToolsVersion="4.0" xmlns="http://schemas.microsoft.com/developer/msbuild/2003">
  <ItemGroup>
    <Filter Include="Source Files">
      <UniqueIdentifier>{4FC737F1-C7A5-4376-A066-2A32D752A2FF}</UniqueIdentifier>
      <Extensions>cpp;c;cc;cxx;def;odl;idl;hpj;bat;asm;asmx</Extensions>
    </Filter>
    <Filter Include="Header Files">
      <UniqueIdentifier>{93995380-89BD-4b04-88EB-625FBE52EBFB}</UniqueIdentifier>
      <Extensions>h;hh;hpp;hxx;hm;inl;inc;xsd</Extensions>
    </Filter>
    <Filter Include="Resource Files">
      <UniqueIdentifier>{67DA6AB6-F800-4c08-8B7A-83BB121AAD01}</UniqueIdentifier>
      <Extensions>rc;ico;cur;bmp;dlg;rc2;rct;bin;rgs;gif;jpg;jpeg;jpe;resx;tiff;tif;png;wav;mfcribbon-ms</Extensions>
    </Filter>
    <Filter Include="Header Files\Common">
      <UniqueIdentifier>{bfec2500-e0fd-46ae-9a51-17ce4372c4b2}</UniqueIdentifier>
    </Filter>
    <Filter Include="Header Files\EmPulse3E">
      <UniqueIdentifier>{d650bf65-d080-438d-9178-8fcf0c39d6ae}</UniqueIdentifier>
    </Filter>
    <Filter Include="Header Files\Frame">
      <UniqueIdentifier>{7bdc1c7d-e024-4569-a51c-111d91d287c4}</UniqueIdentifier>
    </Filter>
    <Filter Include="Header Files\Test">
      <UniqueIdentifier>{720261fa-7f49-47b0-bc9f-bc163ed6bcc0}</UniqueIdentifier>
    </Filter>
    <Filter Include="Source Files\Common">
      <UniqueIdentifier>{c1c78a7a-0800-48d0-9b08-9963c2948546}</UniqueIdentifier>
    </Filter>
    <Filter Include="Source Files\EmPulse3E">
      <UniqueIdentifier>{00d9eda3-c28d-490b-81b4-30974e2e2cd6}</UniqueIdentifier>
    </Filter>
    <Filter Include="Source Files\Frame">
      <UniqueIdentifier>{19f5ae99-5b28-4cd3-9eb9-8c0aa7e15bbf}</UniqueIdentifier>
    </Filter>
    <Filter Include="Source Files\Test">
      <UniqueIdentifier>{88754d1b-89e0-4ad1-ae30-859a59a04fe3}</UniqueIdentifier>
    </Filter>
    <Filter Include="Header Files\EmPulse3E\Common">
      <UniqueIdentifier>{5cfe5b3b-47cf-4fd0-b990-1d191550079d}</UniqueIdentifier>
    </Filter>
    <Filter Include="Header Files\EmPulse3E\Device">
      <UniqueIdentifier>{86b16199-8cd3-4d22-890c-254bbbbd4033}</UniqueIdentifier>
    </Filter>
    <Filter Include="Source Files\EmPulse3E\Common">
      <UniqueIdentifier>{0f511de8-93c8-4540-8c87-cd6533e566fb}</UniqueIdentifier>
    </Filter>
    <Filter Include="Source Files\EmPulse3E\Device">
      <UniqueIdentifier>{91256293-452d-4e97-baf5-d56e6ebb5d3e}</UniqueIdentifier>
    </Filter>
  </ItemGroup>
  <ItemGroup>
    <ClInclude Include="src\stdafx.h">
      <Filter>Header Files</Filter>
    </ClInclude>
    <ClInclude Include="src\CommonLibEmPulse\BinFile.h">
      <Filter>Header Files\Common</Filter>
    </ClInclude>
    <ClInclude Include="src\CommonLibEmPulse\BufferedFile.h">
      <Filter>Header Files\Common</Filter>
    </ClInclude>
    <ClInclude Include="src\CommonLibEmPulse\IndigoTimer.h">
      <Filter>Header Files\Common</Filter>
    </ClInclude>
    <ClInclude Include="src\CommonLibEmPulse\MemPack.h">
      <Filter>Header Files\Common</Filter>
    </ClInclude>
    <ClInclude Include="src\CommonLibEmPulse\StreamBuffer.h">
      <Filter>Header Files\Common</Filter>
    </ClInclude>
    <ClInclude Include="src\CommonLibEmPulse\Value.h">
      <Filter>Header Files\Common</Filter>
    </ClInclude>
    <ClInclude Include="src\EmPulse3E\Common3E.h">
      <Filter>Header Files\EmPulse3E</Filter>
    </ClInclude>
    <ClInclude Include="src\EmPulse3E\Common\ChannelInfo3E.h">
      <Filter>Header Files\EmPulse3E\Common</Filter>
    </ClInclude>
    <ClInclude Include="src\EmPulse3E\Common\DR7Sample.h">
      <Filter>Header Files\EmPulse3E\Common</Filter>
    </ClInclude>
    <ClInclude Include="src\EmPulse3E\Common\DV7Sample.h">
      <Filter>Header Files\EmPulse3E\Common</Filter>
    </ClInclude>
    <ClInclude Include="src\EmPulse3E\Common\FrameInfo3E.h">
      <Filter>Header Files\EmPulse3E\Common</Filter>
    </ClInclude>
    <ClInclude Include="src\EmPulse3E\Common\Parser3E.h">
      <Filter>Header Files\EmPulse3E\Common</Filter>
    </ClInclude>
    <ClInclude Include="src\EmPulse3E\Device\Calibration3E.h">
      <Filter>Header Files\EmPulse3E\Device</Filter>
    </ClInclude>
    <ClInclude Include="src\EmPulse3E\Device\CommonDevice3E.h">
      <Filter>Header Files\EmPulse3E\Device</Filter>
    </ClInclude>
    <ClInclude Include="src\EmPulse3E\Device\Cyclogram3E.h">
      <Filter>Header Files\EmPulse3E\Device</Filter>
    </ClInclude>
    <ClInclude Include="src\EmPulse3E\Device\Interval3E.h">
      <Filter>Header Files\EmPulse3E\Device</Filter>
    </ClInclude>
    <ClInclude Include="src\EmPulse3E\Device\Script3E.h">
      <Filter>Header Files\EmPulse3E\Device</Filter>
    </ClInclude>
    <ClInclude Include="src\EmPulse3E\Device\TimeScale3E.h">
      <Filter>Header Files\EmPulse3E\Device</Filter>
    </ClInclude>
    <ClInclude Include="src\FrameLib\Channel.h">
      <Filter>Header Files\Frame</Filter>
    </ClInclude>
    <ClInclude Include="src\FrameLib\CyclogramBase.h">
      <Filter>Header Files\Frame</Filter>
    </ClInclude>
    <ClInclude Include="src\FrameLib\Frame.h">
      <Filter>Header Files\Frame</Filter>
    </ClInclude>
    <ClInclude Include="src\FrameLib\Frames.h">
      <Filter>Header Files\Frame</Filter>
    </ClInclude>
    <ClInclude Include="src\FrameLib\FrameTime.h">
      <Filter>Header Files\Frame</Filter>
    </ClInclude>
    <ClInclude Include="src\FrameLib\MetaInfo.h">
      <Filter>Header Files\Frame</Filter>
    </ClInclude>
    <ClInclude Include="src\FrameLib\MetaInfoStorage.h">
      <Filter>Header Files\Frame</Filter>
    </ClInclude>
    <ClInclude Include="src\FrameLib\NotifierParserBase.h">
      <Filter>Header Files\Frame</Filter>
    </ClInclude>
    <ClInclude Include="src\Test\Notifier3E.h">
      <Filter>Header Files\Test</Filter>
    </ClInclude>
    <ClInclude Include="src\Test\PrintLogChannels.h">
      <Filter>Header Files\Test</Filter>
    </ClInclude>
  </ItemGroup>
  <ItemGroup>
    <ClCompile Include="src\main.cpp">
      <Filter>Source Files</Filter>
    </ClCompile>
    <ClCompile Include="src\stdafx.cpp">
      <Filter>Source Files</Filter>
    </ClCompile>
    <ClCompile Include="src\CommonLibEmPulse\BufferedFile.cpp">
      <Filter>Source Files\Common</Filter>
    </ClCompile>
    <ClCompile Include="src\CommonLibEmPulse\IndigoTimer.cpp">
      <Filter>Source Files\Common</Filter>
    </ClCompile>
    <ClCompile Include="src\CommonLibEmPulse\MemPack.cpp">
      <Filter>Source Files\Common</Filter>
    </ClCompile>
    <ClCompile Include="src\CommonLibEmPulse\StreamBuffer.cpp">
      <Filter>Source Files\Common</Filter>
    </ClCompile>
    <ClCompile Include="src\CommonLibEmPulse\Value.cpp">
      <Filter>Source Files\Common</Filter>
    </ClCompile>
    <ClCompile Include="src\EmPulse3E\Common\ChannelInfo3E.cpp">
      <Filter>Source Files\EmPulse3E\Common</Filter>
    </ClCompile>
    <ClCompile Include="src\EmPulse3E\Common\DR7Sample.cpp">
      <Filter>Source Files\EmPulse3E\Common</Filter>
    </ClCompile>
    <ClCompile Include="src\EmPulse3E\Common\DV7Sample.cpp">
      <Filter>Source Files\EmPulse3E\Common</Filter>
    </ClCompile>
    <ClCompile Include="src\EmPulse3E\Common\FrameInfo3E.cpp">
      <Filter>Source Files\EmPulse3E\Common</Filter>
    </ClCompile>
    <ClCompile Include="src\EmPulse3E\Common\Parser3E.cpp">
      <Filter>Source Files\EmPulse3E\Common</Filter>
    </ClCompile>
    <ClCompile Include="src\EmPulse3E\Device\Calibration3E.cpp">
      <Filter>Source Files\EmPulse3E\Device</Filter>
    </ClCompile>
    <ClCompile Include="src\EmPulse3E\Device\Cyclogram3E.cpp">
      <Filter>Source Files\EmPulse3E\Device</Filter>
    </ClCompile>
    <ClCompile Include="src\EmPulse3E\Device\Interval3E.cpp">
      <Filter>Source Files\EmPulse3E\Device</Filter>
    </ClCompile>
    <ClCompile Include="src\EmPulse3E\Device\Script3E.cpp">
      <Filter>Source Files\EmPulse3E\Device</Filter>
    </ClCompile>
    <ClCompile Include="src\EmPulse3E\Device\TimeScale3E.cpp">
      <Filter>Source Files\EmPulse3E\Device</Filter>
    </ClCompile>
    <ClCompile Include="src\FrameLib\Channel.cpp">
      <Filter>Source Files\Frame</Filter>
    </ClCompile>
    <ClCompile Include="src\FrameLib\CyclogramBase.cpp">
      <Filter>Source Files\Frame</Filter>
    </ClCompile>
    <ClCompile Include="src\FrameLib\Frame.cpp">
      <Filter>Source Files\Frame</Filter>
    </ClCompile>
    <ClCompile Include="src\FrameLib\Frames.cpp">
      <Filter>Source Files\Frame</Filter>
    </ClCompile>
    <ClCompile Include="src\FrameLib\MetaInfoStorage.cpp">
      <Filter>Source Files\Frame</Filter>
    </ClCompile>
    <ClCompile Include="src\Test\PrintLogChannels.cpp">
      <Filter>Source Files\Test</Filter>
    </ClCompile>
    <ClCompile Include="src\Test\Notifier3E.cpp">
      <Filter>Source Files\Test</Filter>
    </ClCompile>
  </ItemGroup>
</Project>
